# This file was autogenerated by Stack.
# You should not edit this file by hand.
# For more information, please see the documentation at:
#   https://docs.haskellstack.org/en/stable/lock_files

packages: []
snapshots:
- completed:
    size: 504966
    url: https://raw.githubusercontent.com/commercialhaskell/stackage-snapshots/master/nightly/2022/3/19.yaml
    sha256: d2c959242638e9f148b0c7323884f1503e00165c4a6fe137873144be246a0c65
  original: nightly-2022-03-19
